
Microsoft Visual Studio Solution File, Format Version 12.00
# Visual Studio Version 17
VisualStudioVersion = 17.14.36202.13 d17.14
MinimumVisualStudioVersion = 10.0.40219.1
Project("{FAE04EC0-301F-11D3-BF4B-00C04F79EFBC}") = "ReservasHoteles", "ProyectoUnitTest\ReservasHoteles.csproj", "{75A6F889-5DAC-4E63-9FA9-F3E8C60A40BB}"
EndProject
Project("{FAE04EC0-301F-11D3-BF4B-00C04F79EFBC}") = "ReservasHotelesTest", "ReservasHotelesTest\ReservasHotelesTest.csproj", "{E3E9F65E-72D6-401D-A5E9-FAD63031F203}"
EndProject
Global
	GlobalSection(SolutionConfigurationPlatforms) = preSolution
		Debug|Any CPU = Debug|Any CPU
		Release|Any CPU = Release|Any CPU
	EndGlobalSection
	GlobalSection(ProjectConfigurationPlatforms) = postSolution
		{75A6F889-5DAC-4E63-9FA9-F3E8C60A40BB}.Debug|Any CPU.ActiveCfg = Debug|Any CPU
		{75A6F889-5DAC-4E63-9FA9-F3E8C60A40BB}.Debug|Any CPU.Build.0 = Debug|Any CPU
		{75A6F889-5DAC-4E63-9FA9-F3E8C60A40BB}.Release|Any CPU.ActiveCfg = Release|Any CPU
		{75A6F889-5DAC-4E63-9FA9-F3E8C60A40BB}.Release|Any CPU.Build.0 = Release|Any CPU
		{E3E9F65E-72D6-401D-A5E9-FAD63031F203}.Debug|Any CPU.ActiveCfg = Debug|Any CPU
		{E3E9F65E-72D6-401D-A5E9-FAD63031F203}.Debug|Any CPU.Build.0 = Debug|Any CPU
		{E3E9F65E-72D6-401D-A5E9-FAD63031F203}.Release|Any CPU.ActiveCfg = Release|Any CPU
		{E3E9F65E-72D6-401D-A5E9-FAD63031F203}.Release|Any CPU.Build.0 = Release|Any CPU
	EndGlobalSection
	GlobalSection(SolutionProperties) = preSolution
		HideSolutionNode = FALSE
	EndGlobalSection
	GlobalSection(ExtensibilityGlobals) = postSolution
		SolutionGuid = {EB61C559-9BEE-49C3-A25D-D7DD87CD8DB2}
	EndGlobalSection
EndGlobal
